
Microsoft Visual Studio Solution File, Format Version 12.00
# Visual Studio Version 17
VisualStudioVersion = 17.4.33103.184
MinimumVisualStudioVersion = 10.0.40219.1
Project("{9A19103F-16F7-4668-BE54-9A1E7A4F7556}") = "FlightScheduleWPF", "FlightScheduleWPF\FlightScheduleWPF.csproj", "{B1949C44-1D43-47F5-B47F-8E8ADEA73956}"
EndProject
Global
	GlobalSection(SolutionConfigurationPlatforms) = preSolution
		Debug|Any CPU = Debug|Any CPU
		Debug|x86 = Debug|x86
		Release|Any CPU = Release|Any CPU
		Release|x86 = Release|x86
		X86|Any CPU = X86|Any CPU
		X86|x86 = X86|x86
	EndGlobalSection
	GlobalSection(ProjectConfigurationPlatforms) = postSolution
		{B1949C44-1D43-47F5-B47F-8E8ADEA73956}.Debug|Any CPU.ActiveCfg = Debug|Any CPU
		{B1949C44-1D43-47F5-B47F-8E8ADEA73956}.Debug|Any CPU.Build.0 = Debug|Any CPU
		{B1949C44-1D43-47F5-B47F-8E8ADEA73956}.Debug|x86.ActiveCfg = Debug|x86
		{B1949C44-1D43-47F5-B47F-8E8ADEA73956}.Debug|x86.Build.0 = Debug|x86
		{B1949C44-1D43-47F5-B47F-8E8ADEA73956}.Release|Any CPU.ActiveCfg = Release|Any CPU
		{B1949C44-1D43-47F5-B47F-8E8ADEA73956}.Release|Any CPU.Build.0 = Release|Any CPU
		{B1949C44-1D43-47F5-B47F-8E8ADEA73956}.Release|x86.ActiveCfg = Release|x86
		{B1949C44-1D43-47F5-B47F-8E8ADEA73956}.Release|x86.Build.0 = Release|x86
		{B1949C44-1D43-47F5-B47F-8E8ADEA73956}.X86|Any CPU.ActiveCfg = X86|Any CPU
		{B1949C44-1D43-47F5-B47F-8E8ADEA73956}.X86|Any CPU.Build.0 = X86|Any CPU
		{B1949C44-1D43-47F5-B47F-8E8ADEA73956}.X86|x86.ActiveCfg = X86|x86
		{B1949C44-1D43-47F5-B47F-8E8ADEA73956}.X86|x86.Build.0 = X86|x86
	EndGlobalSection
	GlobalSection(SolutionProperties) = preSolution
		HideSolutionNode = FALSE
	EndGlobalSection
	GlobalSection(ExtensibilityGlobals) = postSolution
		SolutionGuid = {CD888AA8-FF16-456A-9BDD-CCD9F3301483}
	EndGlobalSection
EndGlobal
